// !$*UTF8*$!
{
	archiveVersion = 1;
	classes = {
	};
	objectVersion = 50;
	objects = {

/* Begin PBXBuildFile section */
		0765DC7E2373A1B000F243B1 /* Error.swift in Sources */ = {isa = PBXBuildFile; fileRef = 0765DC7D2373A1B000F243B1 /* Error.swift */; };
		0765DC802373A7C400F243B1 /* GroupedEventViewModel.swift in Sources */ = {isa = PBXBuildFile; fileRef = 0765DC7F2373A7C400F243B1 /* GroupedEventViewModel.swift */; };
		077C8FC923726BE60055AA69 /* mock.json in Resources */ = {isa = PBXBuildFile; fileRef = 077C8FC823726BE60055AA69 /* mock.json */; };
		077C8FCE23726C1C0055AA69 /* GetEventsRepository.swift in Sources */ = {isa = PBXBuildFile; fileRef = 077C8FCD23726C1C0055AA69 /* GetEventsRepository.swift */; };
		077C8FD023726C680055AA69 /* Event.swift in Sources */ = {isa = PBXBuildFile; fileRef = 077C8FCF23726C680055AA69 /* Event.swift */; };
		077C8FD223726D2E0055AA69 /* GetEventsRepositoryImpl.swift in Sources */ = {isa = PBXBuildFile; fileRef = 077C8FD123726D2E0055AA69 /* GetEventsRepositoryImpl.swift */; };
		077C8FD523726DA40055AA69 /* EventService.swift in Sources */ = {isa = PBXBuildFile; fileRef = 077C8FD423726DA40055AA69 /* EventService.swift */; };
		077C8FD823726E050055AA69 /* FileManager.swift in Sources */ = {isa = PBXBuildFile; fileRef = 077C8FD723726E050055AA69 /* FileManager.swift */; };
		077C8FDA23726F130055AA69 /* EventServiceCache.swift in Sources */ = {isa = PBXBuildFile; fileRef = 077C8FD923726F130055AA69 /* EventServiceCache.swift */; };
		077C8FDD23726F5D0055AA69 /* EventJSONParser.swift in Sources */ = {isa = PBXBuildFile; fileRef = 077C8FDC23726F5D0055AA69 /* EventJSONParser.swift */; };
		077C8FDF237272B60055AA69 /* EventsViewController.swift in Sources */ = {isa = PBXBuildFile; fileRef = 077C8FDE237272B60055AA69 /* EventsViewController.swift */; };
		077C8FE2237273130055AA69 /* EventsViewController+Autolayout.swift in Sources */ = {isa = PBXBuildFile; fileRef = 077C8FE1237273130055AA69 /* EventsViewController+Autolayout.swift */; };
		077C8FE7237277560055AA69 /* EventTableViewCell.swift in Sources */ = {isa = PBXBuildFile; fileRef = 077C8FE6237277560055AA69 /* EventTableViewCell.swift */; };
		077C8FE9237277B70055AA69 /* EventViewModel.swift in Sources */ = {isa = PBXBuildFile; fileRef = 077C8FE8237277B70055AA69 /* EventViewModel.swift */; };
		077C8FEC23727B210055AA69 /* UIColor.swift in Sources */ = {isa = PBXBuildFile; fileRef = 077C8FEB23727B210055AA69 /* UIColor.swift */; };
		077C8FF123727DAF0055AA69 /* GetUpcomingEvents.swift in Sources */ = {isa = PBXBuildFile; fileRef = 077C8FF023727DAF0055AA69 /* GetUpcomingEvents.swift */; };
		077C8FF323727E410055AA69 /* GetUpcomingEventsImpl.swift in Sources */ = {isa = PBXBuildFile; fileRef = 077C8FF223727E410055AA69 /* GetUpcomingEventsImpl.swift */; };
		077C8FF523727E980055AA69 /* EventPresenter.swift in Sources */ = {isa = PBXBuildFile; fileRef = 077C8FF423727E980055AA69 /* EventPresenter.swift */; };
		07A5149C2372652C007862BE /* AppDelegate.swift in Sources */ = {isa = PBXBuildFile; fileRef = 07A5149B2372652C007862BE /* AppDelegate.swift */; };
		07A5149E2372652C007862BE /* SceneDelegate.swift in Sources */ = {isa = PBXBuildFile; fileRef = 07A5149D2372652C007862BE /* SceneDelegate.swift */; };
		07A514A32372652C007862BE /* Main.storyboard in Resources */ = {isa = PBXBuildFile; fileRef = 07A514A12372652C007862BE /* Main.storyboard */; };
		07A514A52372652F007862BE /* Assets.xcassets in Resources */ = {isa = PBXBuildFile; fileRef = 07A514A42372652F007862BE /* Assets.xcassets */; };
		07A514A82372652F007862BE /* LaunchScreen.storyboard in Resources */ = {isa = PBXBuildFile; fileRef = 07A514A62372652F007862BE /* LaunchScreen.storyboard */; };
		07A514B32372652F007862BE /* UpcomingEventsTests.swift in Sources */ = {isa = PBXBuildFile; fileRef = 07A514B22372652F007862BE /* UpcomingEventsTests.swift */; };
		116ED1AA246B686F00547A73 /* UseCaseMock.swift in Sources */ = {isa = PBXBuildFile; fileRef = 116ED1A9246B686F00547A73 /* UseCaseMock.swift */; };
/* End PBXBuildFile section */

/* Begin PBXContainerItemProxy section */
		07A514AF2372652F007862BE /* PBXContainerItemProxy */ = {
			isa = PBXContainerItemProxy;
			containerPortal = 07A514902372652C007862BE /* Project object */;
			proxyType = 1;
			remoteGlobalIDString = 07A514972372652C007862BE;
			remoteInfo = UpcomingEvents;
		};
/* End PBXContainerItemProxy section */

/* Begin PBXFileReference section */
		0765DC7D2373A1B000F243B1 /* Error.swift */ = {isa = PBXFileReference; lastKnownFileType = sourcecode.swift; path = Error.swift; sourceTree = "<group>"; };
		0765DC7F2373A7C400F243B1 /* GroupedEventViewModel.swift */ = {isa = PBXFileReference; lastKnownFileType = sourcecode.swift; path = GroupedEventViewModel.swift; sourceTree = "<group>"; };
		077C8FC823726BE60055AA69 /* mock.json */ = {isa = PBXFileReference; fileEncoding = 4; lastKnownFileType = text.json; path = mock.json; sourceTree = "<group>"; };
		077C8FCD23726C1C0055AA69 /* GetEventsRepository.swift */ = {isa = PBXFileReference; lastKnownFileType = sourcecode.swift; path = GetEventsRepository.swift; sourceTree = "<group>"; };
		077C8FCF23726C680055AA69 /* Event.swift */ = {isa = PBXFileReference; lastKnownFileType = sourcecode.swift; path = Event.swift; sourceTree = "<group>"; };
		077C8FD123726D2E0055AA69 /* GetEventsRepositoryImpl.swift */ = {isa = PBXFileReference; lastKnownFileType = sourcecode.swift; path = GetEventsRepositoryImpl.swift; sourceTree = "<group>"; };
		077C8FD423726DA40055AA69 /* EventService.swift */ = {isa = PBXFileReference; lastKnownFileType = sourcecode.swift; path = EventService.swift; sourceTree = "<group>"; };
		077C8FD723726E050055AA69 /* FileManager.swift */ = {isa = PBXFileReference; lastKnownFileType = sourcecode.swift; path = FileManager.swift; sourceTree = "<group>"; };
		077C8FD923726F130055AA69 /* EventServiceCache.swift */ = {isa = PBXFileReference; lastKnownFileType = sourcecode.swift; path = EventServiceCache.swift; sourceTree = "<group>"; };
		077C8FDC23726F5D0055AA69 /* EventJSONParser.swift */ = {isa = PBXFileReference; lastKnownFileType = sourcecode.swift; path = EventJSONParser.swift; sourceTree = "<group>"; };
		077C8FDE237272B60055AA69 /* EventsViewController.swift */ = {isa = PBXFileReference; lastKnownFileType = sourcecode.swift; path = EventsViewController.swift; sourceTree = "<group>"; };
		077C8FE1237273130055AA69 /* EventsViewController+Autolayout.swift */ = {isa = PBXFileReference; lastKnownFileType = sourcecode.swift; path = "EventsViewController+Autolayout.swift"; sourceTree = "<group>"; };
		077C8FE6237277560055AA69 /* EventTableViewCell.swift */ = {isa = PBXFileReference; lastKnownFileType = sourcecode.swift; path = EventTableViewCell.swift; sourceTree = "<group>"; };
		077C8FE8237277B70055AA69 /* EventViewModel.swift */ = {isa = PBXFileReference; lastKnownFileType = sourcecode.swift; path = EventViewModel.swift; sourceTree = "<group>"; };
		077C8FEB23727B210055AA69 /* UIColor.swift */ = {isa = PBXFileReference; lastKnownFileType = sourcecode.swift; path = UIColor.swift; sourceTree = "<group>"; };
		077C8FF023727DAF0055AA69 /* GetUpcomingEvents.swift */ = {isa = PBXFileReference; lastKnownFileType = sourcecode.swift; path = GetUpcomingEvents.swift; sourceTree = "<group>"; };
		077C8FF223727E410055AA69 /* GetUpcomingEventsImpl.swift */ = {isa = PBXFileReference; lastKnownFileType = sourcecode.swift; path = GetUpcomingEventsImpl.swift; sourceTree = "<group>"; };
		077C8FF423727E980055AA69 /* EventPresenter.swift */ = {isa = PBXFileReference; lastKnownFileType = sourcecode.swift; path = EventPresenter.swift; sourceTree = "<group>"; };
		07A514982372652C007862BE /* UpcomingEvents.app */ = {isa = PBXFileReference; explicitFileType = wrapper.application; includeInIndex = 0; path = UpcomingEvents.app; sourceTree = BUILT_PRODUCTS_DIR; };
		07A5149B2372652C007862BE /* AppDelegate.swift */ = {isa = PBXFileReference; lastKnownFileType = sourcecode.swift; path = AppDelegate.swift; sourceTree = "<group>"; };
		07A5149D2372652C007862BE /* SceneDelegate.swift */ = {isa = PBXFileReference; lastKnownFileType = sourcecode.swift; path = SceneDelegate.swift; sourceTree = "<group>"; };
		07A514A22372652C007862BE /* Base */ = {isa = PBXFileReference; lastKnownFileType = file.storyboard; name = Base; path = Base.lproj/Main.storyboard; sourceTree = "<group>"; };
		07A514A42372652F007862BE /* Assets.xcassets */ = {isa = PBXFileReference; lastKnownFileType = folder.assetcatalog; path = Assets.xcassets; sourceTree = "<group>"; };
		07A514A72372652F007862BE /* Base */ = {isa = PBXFileReference; lastKnownFileType = file.storyboard; name = Base; path = Base.lproj/LaunchScreen.storyboard; sourceTree = "<group>"; };
		07A514A92372652F007862BE /* Info.plist */ = {isa = PBXFileReference; lastKnownFileType = text.plist.xml; path = Info.plist; sourceTree = "<group>"; };
		07A514AE2372652F007862BE /* UpcomingEventsTests.xctest */ = {isa = PBXFileReference; explicitFileType = wrapper.cfbundle; includeInIndex = 0; path = UpcomingEventsTests.xctest; sourceTree = BUILT_PRODUCTS_DIR; };
		07A514B22372652F007862BE /* UpcomingEventsTests.swift */ = {isa = PBXFileReference; lastKnownFileType = sourcecode.swift; path = UpcomingEventsTests.swift; sourceTree = "<group>"; };
		07A514B42372652F007862BE /* Info.plist */ = {isa = PBXFileReference; lastKnownFileType = text.plist.xml; path = Info.plist; sourceTree = "<group>"; };
		116ED1A9246B686F00547A73 /* UseCaseMock.swift */ = {isa = PBXFileReference; lastKnownFileType = sourcecode.swift; path = UseCaseMock.swift; sourceTree = "<group>"; };
/* End PBXFileReference section */

/* Begin PBXFrameworksBuildPhase section */
		07A514952372652C007862BE /* Frameworks */ = {
			isa = PBXFrameworksBuildPhase;
			buildActionMask = 2147483647;
			files = (
			);
			runOnlyForDeploymentPostprocessing = 0;
		};
		07A514AB2372652F007862BE /* Frameworks */ = {
			isa = PBXFrameworksBuildPhase;
			buildActionMask = 2147483647;
			files = (
			);
			runOnlyForDeploymentPostprocessing = 0;
		};
/* End PBXFrameworksBuildPhase section */

/* Begin PBXGroup section */
		077C8FCA23726BFE0055AA69 /* Repository */ = {
			isa = PBXGroup;
			children = (
				077C8FCC23726C0C0055AA69 /* Protocol */,
				077C8FCB23726C040055AA69 /* Implementation */,
			);
			path = Repository;
			sourceTree = "<group>";
		};
		077C8FCB23726C040055AA69 /* Implementation */ = {
			isa = PBXGroup;
			children = (
				077C8FD123726D2E0055AA69 /* GetEventsRepositoryImpl.swift */,
			);
			path = Implementation;
			sourceTree = "<group>";
		};
		077C8FCC23726C0C0055AA69 /* Protocol */ = {
			isa = PBXGroup;
			children = (
				077C8FCD23726C1C0055AA69 /* GetEventsRepository.swift */,
			);
			path = Protocol;
			sourceTree = "<group>";
		};
		077C8FD623726DF50055AA69 /* Cache */ = {
			isa = PBXGroup;
			children = (
				077C8FD723726E050055AA69 /* FileManager.swift */,
				077C8FD923726F130055AA69 /* EventServiceCache.swift */,
			);
			path = Cache;
			sourceTree = "<group>";
		};
		077C8FDB23726F4E0055AA69 /* Parsers */ = {
			isa = PBXGroup;
			children = (
				077C8FDC23726F5D0055AA69 /* EventJSONParser.swift */,
			);
			path = Parsers;
			sourceTree = "<group>";
		};
		077C8FE0237272FD0055AA69 /* View */ = {
			isa = PBXGroup;
			children = (
				077C8FE1237273130055AA69 /* EventsViewController+Autolayout.swift */,
			);
			path = View;
			sourceTree = "<group>";
		};
		077C8FE3237276FB0055AA69 /* Events */ = {
			isa = PBXGroup;
			children = (
				077C8FE52372772E0055AA69 /* Custom Cell */,
				077C8FE42372771B0055AA69 /* ViewModel */,
				077C8FE0237272FD0055AA69 /* View */,
				077C8FDE237272B60055AA69 /* EventsViewController.swift */,
				077C8FF423727E980055AA69 /* EventPresenter.swift */,
			);
			path = Events;
			sourceTree = "<group>";
		};
		077C8FE42372771B0055AA69 /* ViewModel */ = {
			isa = PBXGroup;
			children = (
				077C8FE8237277B70055AA69 /* EventViewModel.swift */,
				0765DC7F2373A7C400F243B1 /* GroupedEventViewModel.swift */,
			);
			path = ViewModel;
			sourceTree = "<group>";
		};
		077C8FE52372772E0055AA69 /* Custom Cell */ = {
			isa = PBXGroup;
			children = (
				077C8FE6237277560055AA69 /* EventTableViewCell.swift */,
			);
			path = "Custom Cell";
			sourceTree = "<group>";
		};
		077C8FEA23727B140055AA69 /* Extension */ = {
			isa = PBXGroup;
			children = (
				077C8FEB23727B210055AA69 /* UIColor.swift */,
				0765DC7D2373A1B000F243B1 /* Error.swift */,
			);
			path = Extension;
			sourceTree = "<group>";
		};
		077C8FED23727D8D0055AA69 /* UseCase */ = {
			isa = PBXGroup;
			children = (
				077C8FEF23727D9A0055AA69 /* Implementation */,
				077C8FEE23727D950055AA69 /* Protocol */,
			);
			path = UseCase;
			sourceTree = "<group>";
		};
		077C8FEE23727D950055AA69 /* Protocol */ = {
			isa = PBXGroup;
			children = (
				077C8FF023727DAF0055AA69 /* GetUpcomingEvents.swift */,
			);
			path = Protocol;
			sourceTree = "<group>";
		};
		077C8FEF23727D9A0055AA69 /* Implementation */ = {
			isa = PBXGroup;
			children = (
				077C8FF223727E410055AA69 /* GetUpcomingEventsImpl.swift */,
			);
			path = Implementation;
			sourceTree = "<group>";
		};
		07A5148F2372652C007862BE = {
			isa = PBXGroup;
			children = (
				07A5149A2372652C007862BE /* UpcomingEvents */,
				07A514B12372652F007862BE /* UpcomingEventsTests */,
				07A514992372652C007862BE /* Products */,
			);
			sourceTree = "<group>";
		};
		07A514992372652C007862BE /* Products */ = {
			isa = PBXGroup;
			children = (
				07A514982372652C007862BE /* UpcomingEvents.app */,
				07A514AE2372652F007862BE /* UpcomingEventsTests.xctest */,
			);
			name = Products;
			sourceTree = "<group>";
		};
		07A5149A2372652C007862BE /* UpcomingEvents */ = {
			isa = PBXGroup;
			children = (
				077C8FED23727D8D0055AA69 /* UseCase */,
				077C8FCA23726BFE0055AA69 /* Repository */,
				07A514C0237269BF007862BE /* Common */,
				07A514BF237269A5007862BE /* Scenes */,
				07A514BE2372699D007862BE /* Services */,
				07A514BD23726997007862BE /* Model */,
				07A5149B2372652C007862BE /* AppDelegate.swift */,
				07A5149D2372652C007862BE /* SceneDelegate.swift */,
				07A514A12372652C007862BE /* Main.storyboard */,
				077C8FC823726BE60055AA69 /* mock.json */,
				07A514A42372652F007862BE /* Assets.xcassets */,
				07A514A62372652F007862BE /* LaunchScreen.storyboard */,
				07A514A92372652F007862BE /* Info.plist */,
			);
			path = UpcomingEvents;
			sourceTree = "<group>";
		};
		07A514B12372652F007862BE /* UpcomingEventsTests */ = {
			isa = PBXGroup;
			children = (
				07A514B22372652F007862BE /* UpcomingEventsTests.swift */,
				07A514B42372652F007862BE /* Info.plist */,
				116ED1A9246B686F00547A73 /* UseCaseMock.swift */,
			);
			path = UpcomingEventsTests;
			sourceTree = "<group>";
		};
		07A514BD23726997007862BE /* Model */ = {
			isa = PBXGroup;
			children = (
				077C8FCF23726C680055AA69 /* Event.swift */,
			);
			path = Model;
			sourceTree = "<group>";
		};
		07A514BE2372699D007862BE /* Services */ = {
			isa = PBXGroup;
			children = (
				077C8FD423726DA40055AA69 /* EventService.swift */,
				077C8FD623726DF50055AA69 /* Cache */,
			);
			path = Services;
			sourceTree = "<group>";
		};
		07A514BF237269A5007862BE /* Scenes */ = {
			isa = PBXGroup;
			children = (
				077C8FE3237276FB0055AA69 /* Events */,
			);
			path = Scenes;
			sourceTree = "<group>";
		};
		07A514C0237269BF007862BE /* Common */ = {
			isa = PBXGroup;
			children = (
				077C8FEA23727B140055AA69 /* Extension */,
				077C8FDB23726F4E0055AA69 /* Parsers */,
			);
			path = Common;
			sourceTree = "<group>";
		};
/* End PBXGroup section */

/* Begin PBXNativeTarget section */
		07A514972372652C007862BE /* UpcomingEvents */ = {
			isa = PBXNativeTarget;
			buildConfigurationList = 07A514B72372652F007862BE /* Build configuration list for PBXNativeTarget "UpcomingEvents" */;
			buildPhases = (
				07A514942372652C007862BE /* Sources */,
				07A514952372652C007862BE /* Frameworks */,
				07A514962372652C007862BE /* Resources */,
			);
			buildRules = (
			);
			dependencies = (
			);
			name = UpcomingEvents;
			productName = UpcomingEvents;
			productReference = 07A514982372652C007862BE /* UpcomingEvents.app */;
			productType = "com.apple.product-type.application";
		};
		07A514AD2372652F007862BE /* UpcomingEventsTests */ = {
			isa = PBXNativeTarget;
			buildConfigurationList = 07A514BA2372652F007862BE /* Build configuration list for PBXNativeTarget "UpcomingEventsTests" */;
			buildPhases = (
				07A514AA2372652F007862BE /* Sources */,
				07A514AB2372652F007862BE /* Frameworks */,
				07A514AC2372652F007862BE /* Resources */,
			);
			buildRules = (
			);
			dependencies = (
				07A514B02372652F007862BE /* PBXTargetDependency */,
			);
			name = UpcomingEventsTests;
			productName = UpcomingEventsTests;
			productReference = 07A514AE2372652F007862BE /* UpcomingEventsTests.xctest */;
			productType = "com.apple.product-type.bundle.unit-test";
		};
/* End PBXNativeTarget section */

/* Begin PBXProject section */
		07A514902372652C007862BE /* Project object */ = {
			isa = PBXProject;
			attributes = {
				LastSwiftUpdateCheck = 1120;
				LastUpgradeCheck = 1120;
				ORGANIZATIONNAME = "Carlos Perez";
				TargetAttributes = {
					07A514972372652C007862BE = {
						CreatedOnToolsVersion = 11.2;
					};
					07A514AD2372652F007862BE = {
						CreatedOnToolsVersion = 11.2;
						TestTargetID = 07A514972372652C007862BE;
					};
				};
			};
			buildConfigurationList = 07A514932372652C007862BE /* Build configuration list for PBXProject "UpcomingEvents" */;
			compatibilityVersion = "Xcode 9.3";
			developmentRegion = en;
			hasScannedForEncodings = 0;
			knownRegions = (
				en,
				Base,
			);
			mainGroup = 07A5148F2372652C007862BE;
			productRefGroup = 07A514992372652C007862BE /* Products */;
			projectDirPath = "";
			projectRoot = "";
			targets = (
				07A514972372652C007862BE /* UpcomingEvents */,
				07A514AD2372652F007862BE /* UpcomingEventsTests */,
			);
		};
/* End PBXProject section */

/* Begin PBXResourcesBuildPhase section */
		07A514962372652C007862BE /* Resources */ = {
			isa = PBXResourcesBuildPhase;
			buildActionMask = 2147483647;
			files = (
				07A514A82372652F007862BE /* LaunchScreen.storyboard in Resources */,
				07A514A52372652F007862BE /* Assets.xcassets in Resources */,
				07A514A32372652C007862BE /* Main.storyboard in Resources */,
				077C8FC923726BE60055AA69 /* mock.json in Resources */,
			);
			runOnlyForDeploymentPostprocessing = 0;
		};
		07A514AC2372652F007862BE /* Resources */ = {
			isa = PBXResourcesBuildPhase;
			buildActionMask = 2147483647;
			files = (
			);
			runOnlyForDeploymentPostprocessing = 0;
		};
/* End PBXResourcesBuildPhase section */

/* Begin PBXSourcesBuildPhase section */
		07A514942372652C007862BE /* Sources */ = {
			isa = PBXSourcesBuildPhase;
			buildActionMask = 2147483647;
			files = (
				077C8FE7237277560055AA69 /* EventTableViewCell.swift in Sources */,
				077C8FEC23727B210055AA69 /* UIColor.swift in Sources */,
				077C8FD523726DA40055AA69 /* EventService.swift in Sources */,
				077C8FF523727E980055AA69 /* EventPresenter.swift in Sources */,
				077C8FDA23726F130055AA69 /* EventServiceCache.swift in Sources */,
				077C8FD023726C680055AA69 /* Event.swift in Sources */,
				0765DC802373A7C400F243B1 /* GroupedEventViewModel.swift in Sources */,
				07A5149C2372652C007862BE /* AppDelegate.swift in Sources */,
				077C8FD823726E050055AA69 /* FileManager.swift in Sources */,
				077C8FE2237273130055AA69 /* EventsViewController+Autolayout.swift in Sources */,
				07A5149E2372652C007862BE /* SceneDelegate.swift in Sources */,
				077C8FD223726D2E0055AA69 /* GetEventsRepositoryImpl.swift in Sources */,
				077C8FCE23726C1C0055AA69 /* GetEventsRepository.swift in Sources */,
				077C8FE9237277B70055AA69 /* EventViewModel.swift in Sources */,
				077C8FF123727DAF0055AA69 /* GetUpcomingEvents.swift in Sources */,
				077C8FDD23726F5D0055AA69 /* EventJSONParser.swift in Sources */,
				077C8FDF237272B60055AA69 /* EventsViewController.swift in Sources */,
				0765DC7E2373A1B000F243B1 /* Error.swift in Sources */,
				077C8FF323727E410055AA69 /* GetUpcomingEventsImpl.swift in Sources */,
			);
			runOnlyForDeploymentPostprocessing = 0;
		};
		07A514AA2372652F007862BE /* Sources */ = {
			isa = PBXSourcesBuildPhase;
			buildActionMask = 2147483647;
			files = (
				07A514B32372652F007862BE /* UpcomingEventsTests.swift in Sources */,
				116ED1AA246B686F00547A73 /* UseCaseMock.swift in Sources */,
			);
			runOnlyForDeploymentPostprocessing = 0;
		};
/* End PBXSourcesBuildPhase section */

/* Begin PBXTargetDependency section */
		07A514B02372652F007862BE /* PBXTargetDependency */ = {
			isa = PBXTargetDependency;
			target = 07A514972372652C007862BE /* UpcomingEvents */;
			targetProxy = 07A514AF2372652F007862BE /* PBXContainerItemProxy */;
		};
/* End PBXTargetDependency section */

/* Begin PBXVariantGroup section */
		07A514A12372652C007862BE /* Main.storyboard */ = {
			isa = PBXVariantGroup;
			children = (
				07A514A22372652C007862BE /* Base */,
			);
			name = Main.storyboard;
			sourceTree = "<group>";
		};
		07A514A62372652F007862BE /* LaunchScreen.storyboard */ = {
			isa = PBXVariantGroup;
			children = (
				07A514A72372652F007862BE /* Base */,
			);
			name = LaunchScreen.storyboard;
			sourceTree = "<group>";
		};
/* End PBXVariantGroup section */

/* Begin XCBuildConfiguration section */
		07A514B52372652F007862BE /* Debug */ = {
			isa = XCBuildConfiguration;
			buildSettings = {
				ALWAYS_SEARCH_USER_PATHS = NO;
				CLANG_ANALYZER_NONNULL = YES;
				CLANG_ANALYZER_NUMBER_OBJECT_CONVERSION = YES_AGGRESSIVE;
				CLANG_CXX_LANGUAGE_STANDARD = "gnu++14";
				CLANG_CXX_LIBRARY = "libc++";
				CLANG_ENABLE_MODULES = YES;
				CLANG_ENABLE_OBJC_ARC = YES;
				CLANG_ENABLE_OBJC_WEAK = YES;
				CLANG_WARN_BLOCK_CAPTURE_AUTORELEASING = YES;
				CLANG_WARN_BOOL_CONVERSION = YES;
				CLANG_WARN_COMMA = YES;
				CLANG_WARN_CONSTANT_CONVERSION = YES;
				CLANG_WARN_DEPRECATED_OBJC_IMPLEMENTATIONS = YES;
				CLANG_WARN_DIRECT_OBJC_ISA_USAGE = YES_ERROR;
				CLANG_WARN_DOCUMENTATION_COMMENTS = YES;
				CLANG_WARN_EMPTY_BODY = YES;
				CLANG_WARN_ENUM_CONVERSION = YES;
				CLANG_WARN_INFINITE_RECURSION = YES;
				CLANG_WARN_INT_CONVERSION = YES;
				CLANG_WARN_NON_LITERAL_NULL_CONVERSION = YES;
				CLANG_WARN_OBJC_IMPLICIT_RETAIN_SELF = YES;
				CLANG_WARN_OBJC_LITERAL_CONVERSION = YES;
				CLANG_WARN_OBJC_ROOT_CLASS = YES_ERROR;
				CLANG_WARN_RANGE_LOOP_ANALYSIS = YES;
				CLANG_WARN_STRICT_PROTOTYPES = YES;
				CLANG_WARN_SUSPICIOUS_MOVE = YES;
				CLANG_WARN_UNGUARDED_AVAILABILITY = YES_AGGRESSIVE;
				CLANG_WARN_UNREACHABLE_CODE = YES;
				CLANG_WARN__DUPLICATE_METHOD_MATCH = YES;
				COPY_PHASE_STRIP = NO;
				DEBUG_INFORMATION_FORMAT = dwarf;
				ENABLE_STRICT_OBJC_MSGSEND = YES;
				ENABLE_TESTABILITY = YES;
				GCC_C_LANGUAGE_STANDARD = gnu11;
				GCC_DYNAMIC_NO_PIC = NO;
				GCC_NO_COMMON_BLOCKS = YES;
				GCC_OPTIMIZATION_LEVEL = 0;
				GCC_PREPROCESSOR_DEFINITIONS = (
					"DEBUG=1",
					"$(inherited)",
				);
				GCC_WARN_64_TO_32_BIT_CONVERSION = YES;
				GCC_WARN_ABOUT_RETURN_TYPE = YES_ERROR;
				GCC_WARN_UNDECLARED_SELECTOR = YES;
				GCC_WARN_UNINITIALIZED_AUTOS = YES_AGGRESSIVE;
				GCC_WARN_UNUSED_FUNCTION = YES;
				GCC_WARN_UNUSED_VARIABLE = YES;
				IPHONEOS_DEPLOYMENT_TARGET = 13.2;
				MTL_ENABLE_DEBUG_INFO = INCLUDE_SOURCE;
				MTL_FAST_MATH = YES;
				ONLY_ACTIVE_ARCH = YES;
				SDKROOT = iphoneos;
				SWIFT_ACTIVE_COMPILATION_CONDITIONS = DEBUG;
				SWIFT_OPTIMIZATION_LEVEL = "-Onone";
			};
			name = Debug;
		};
		07A514B62372652F007862BE /* Release */ = {
			isa = XCBuildConfiguration;
			buildSettings = {
				ALWAYS_SEARCH_USER_PATHS = NO;
				CLANG_ANALYZER_NONNULL = YES;
				CLANG_ANALYZER_NUMBER_OBJECT_CONVERSION = YES_AGGRESSIVE;
				CLANG_CXX_LANGUAGE_STANDARD = "gnu++14";
				CLANG_CXX_LIBRARY = "libc++";
				CLANG_ENABLE_MODULES = YES;
				CLANG_ENABLE_OBJC_ARC = YES;
				CLANG_ENABLE_OBJC_WEAK = YES;
				CLANG_WARN_BLOCK_CAPTURE_AUTORELEASING = YES;
				CLANG_WARN_BOOL_CONVERSION = YES;
				CLANG_WARN_COMMA = YES;
				CLANG_WARN_CONSTANT_CONVERSION = YES;
				CLANG_WARN_DEPRECATED_OBJC_IMPLEMENTATIONS = YES;
				CLANG_WARN_DIRECT_OBJC_ISA_USAGE = YES_ERROR;
				CLANG_WARN_DOCUMENTATION_COMMENTS = YES;
				CLANG_WARN_EMPTY_BODY = YES;
				CLANG_WARN_ENUM_CONVERSION = YES;
				CLANG_WARN_INFINITE_RECURSION = YES;
				CLANG_WARN_INT_CONVERSION = YES;
				CLANG_WARN_NON_LITERAL_NULL_CONVERSION = YES;
				CLANG_WARN_OBJC_IMPLICIT_RETAIN_SELF = YES;
				CLANG_WARN_OBJC_LITERAL_CONVERSION = YES;
				CLANG_WARN_OBJC_ROOT_CLASS = YES_ERROR;
				CLANG_WARN_RANGE_LOOP_ANALYSIS = YES;
				CLANG_WARN_STRICT_PROTOTYPES = YES;
				CLANG_WARN_SUSPICIOUS_MOVE = YES;
				CLANG_WARN_UNGUARDED_AVAILABILITY = YES_AGGRESSIVE;
				CLANG_WARN_UNREACHABLE_CODE = YES;
				CLANG_WARN__DUPLICATE_METHOD_MATCH = YES;
				COPY_PHASE_STRIP = NO;
				DEBUG_INFORMATION_FORMAT = "dwarf-with-dsym";
				ENABLE_NS_ASSERTIONS = NO;
				ENABLE_STRICT_OBJC_MSGSEND = YES;
				GCC_C_LANGUAGE_STANDARD = gnu11;
				GCC_NO_COMMON_BLOCKS = YES;
				GCC_WARN_64_TO_32_BIT_CONVERSION = YES;
				GCC_WARN_ABOUT_RETURN_TYPE = YES_ERROR;
				GCC_WARN_UNDECLARED_SELECTOR = YES;
				GCC_WARN_UNINITIALIZED_AUTOS = YES_AGGRESSIVE;
				GCC_WARN_UNUSED_FUNCTION = YES;
				GCC_WARN_UNUSED_VARIABLE = YES;
				IPHONEOS_DEPLOYMENT_TARGET = 13.2;
				MTL_ENABLE_DEBUG_INFO = NO;
				MTL_FAST_MATH = YES;
				SDKROOT = iphoneos;
				SWIFT_COMPILATION_MODE = wholemodule;
				SWIFT_OPTIMIZATION_LEVEL = "-O";
				VALIDATE_PRODUCT = YES;
			};
			name = Release;
		};
		07A514B82372652F007862BE /* Debug */ = {
			isa = XCBuildConfiguration;
			buildSettings = {
				ASSETCATALOG_COMPILER_APPICON_NAME = AppIcon;
				CODE_SIGN_IDENTITY = "Apple Development";
				CODE_SIGN_STYLE = Automatic;
				DEVELOPMENT_TEAM = 5N2PPVF34Z;
				INFOPLIST_FILE = UpcomingEvents/Info.plist;
				LD_RUNPATH_SEARCH_PATHS = (
					"$(inherited)",
					"@executable_path/Frameworks",
				);
				PRODUCT_BUNDLE_IDENTIFIER = com.test.cr.UpcomingEvents.clip;
				PRODUCT_NAME = "$(TARGET_NAME)";
				PROVISIONING_PROFILE_SPECIFIER = "";
				SWIFT_VERSION = 5.0;
				TARGETED_DEVICE_FAMILY = "1,2";
			};
			name = Debug;
		};
		07A514B92372652F007862BE /* Release */ = {
			isa = XCBuildConfiguration;
			buildSettings = {
				ASSETCATALOG_COMPILER_APPICON_NAME = AppIcon;
				CODE_SIGN_IDENTITY = "Apple Development";
				CODE_SIGN_STYLE = Automatic;
				DEVELOPMENT_TEAM = 5N2PPVF34Z;
				INFOPLIST_FILE = UpcomingEvents/Info.plist;
				LD_RUNPATH_SEARCH_PATHS = (
					"$(inherited)",
					"@executable_path/Frameworks",
				);
				PRODUCT_BUNDLE_IDENTIFIER = com.test.cr.UpcomingEvents.clip;
				PRODUCT_NAME = "$(TARGET_NAME)";
				PROVISIONING_PROFILE_SPECIFIER = "";
				SWIFT_VERSION = 5.0;
				TARGETED_DEVICE_FAMILY = "1,2";
			};
			name = Release;
		};
		07A514BB2372652F007862BE /* Debug */ = {
			isa = XCBuildConfiguration;
			buildSettings = {
				ALWAYS_EMBED_SWIFT_STANDARD_LIBRARIES = YES;
				BUNDLE_LOADER = "$(TEST_HOST)";
				CODE_SIGN_STYLE = Automatic;
				DEVELOPMENT_TEAM = QR4U44Q42V;
				INFOPLIST_FILE = UpcomingEventsTests/Info.plist;
				IPHONEOS_DEPLOYMENT_TARGET = 13.2;
				LD_RUNPATH_SEARCH_PATHS = (
					"$(inherited)",
					"@executable_path/Frameworks",
					"@loader_path/Frameworks",
				);
				PRODUCT_BUNDLE_IDENTIFIER = cr.UpcomingEventsTests;
				PRODUCT_NAME = "$(TARGET_NAME)";
				SWIFT_VERSION = 5.0;
				TARGETED_DEVICE_FAMILY = "1,2";
				TEST_HOST = "$(BUILT_PRODUCTS_DIR)/UpcomingEvents.app/UpcomingEvents";
			};
			name = Debug;
		};
		07A514BC2372652F007862BE /* Release */ = {
			isa = XCBuildConfiguration;
			buildSettings = {
				ALWAYS_EMBED_SWIFT_STANDARD_LIBRARIES = YES;
				BUNDLE_LOADER = "$(TEST_HOST)";
				CODE_SIGN_STYLE = Automatic;
				DEVELOPMENT_TEAM = QR4U44Q42V;
				INFOPLIST_FILE = UpcomingEventsTests/Info.plist;
				IPHONEOS_DEPLOYMENT_TARGET = 13.2;
				LD_RUNPATH_SEARCH_PATHS = (
					"$(inherited)",
					"@executable_path/Frameworks",
					"@loader_path/Frameworks",
				);
				PRODUCT_BUNDLE_IDENTIFIER = cr.UpcomingEventsTests;
				PRODUCT_NAME = "$(TARGET_NAME)";
				SWIFT_VERSION = 5.0;
				TARGETED_DEVICE_FAMILY = "1,2";
				TEST_HOST = "$(BUILT_PRODUCTS_DIR)/UpcomingEvents.app/UpcomingEvents";
			};
			name = Release;
		};
/* End XCBuildConfiguration section */

/* Begin XCConfigurationList section */
		07A514932372652C007862BE /* Build configuration list for PBXProject "UpcomingEvents" */ = {
			isa = XCConfigurationList;
			buildConfigurations = (
				07A514B52372652F007862BE /* Debug */,
				07A514B62372652F007862BE /* Release */,
			);
			defaultConfigurationIsVisible = 0;
			defaultConfigurationName = Release;
		};
		07A514B72372652F007862BE /* Build configuration list for PBXNativeTarget "UpcomingEvents" */ = {
			isa = XCConfigurationList;
			buildConfigurations = (
				07A514B82372652F007862BE /* Debug */,
				07A514B92372652F007862BE /* Release */,
			);
			defaultConfigurationIsVisible = 0;
			defaultConfigurationName = Release;
		};
		07A514BA2372652F007862BE /* Build configuration list for PBXNativeTarget "UpcomingEventsTests" */ = {
			isa = XCConfigurationList;
			buildConfigurations = (
				07A514BB2372652F007862BE /* Debug */,
				07A514BC2372652F007862BE /* Release */,
			);
			defaultConfigurationIsVisible = 0;
			defaultConfigurationName = Release;
		};
/* End XCConfigurationList section */
	};
	rootObject = 07A514902372652C007862BE /* Project object */;
}
